
Microsoft Visual Studio Solution File, Format Version 12.00
Project("{FAE04EC0-301F-11D3-BF4B-00C04F79EFBC}") = "CA.Platform", "CA.Platform\CA.Platform.csproj", "{A8BE565F-892A-4309-B3FD-068EE500F806}"
EndProject
Project("{FAE04EC0-301F-11D3-BF4B-00C04F79EFBC}") = "CA.Platform.Test", "CA.Platform.Test\CA.Platform.Test.csproj", "{1BC4AE95-44B6-41C3-90A3-0E930BD5A4E2}"
EndProject
Global
	GlobalSection(SolutionConfigurationPlatforms) = preSolution
		Debug|Any CPU = Debug|Any CPU
		Release|Any CPU = Release|Any CPU
	EndGlobalSection
	GlobalSection(ProjectConfigurationPlatforms) = postSolution
		{A8BE565F-892A-4309-B3FD-068EE500F806}.Debug|Any CPU.ActiveCfg = Debug|Any CPU
		{A8BE565F-892A-4309-B3FD-068EE500F806}.Debug|Any CPU.Build.0 = Debug|Any CPU
		{A8BE565F-892A-4309-B3FD-068EE500F806}.Release|Any CPU.ActiveCfg = Release|Any CPU
		{A8BE565F-892A-4309-B3FD-068EE500F806}.Release|Any CPU.Build.0 = Release|Any CPU
		{1BC4AE95-44B6-41C3-90A3-0E930BD5A4E2}.Debug|Any CPU.ActiveCfg = Debug|Any CPU
		{1BC4AE95-44B6-41C3-90A3-0E930BD5A4E2}.Debug|Any CPU.Build.0 = Debug|Any CPU
		{1BC4AE95-44B6-41C3-90A3-0E930BD5A4E2}.Release|Any CPU.ActiveCfg = Release|Any CPU
		{1BC4AE95-44B6-41C3-90A3-0E930BD5A4E2}.Release|Any CPU.Build.0 = Release|Any CPU
	EndGlobalSection
EndGlobal
